
Microsoft Visual Studio Solution File, Format Version 12.00
# Visual Studio Version 17
VisualStudioVersion = 17.2.32630.192
MinimumVisualStudioVersion = 10.0.40219.1
Project("{FAE04EC0-301F-11D3-BF4B-00C04F79EFBC}") = "Web-ControlEscolar", "Web-ControlEscolar\Web-ControlEscolar.csproj", "{A130816E-124F-4FE8-8D45-5AF61AE3D903}"
EndProject
Global
	GlobalSection(SolutionConfigurationPlatforms) = preSolution
		Debug|Any CPU = Debug|Any CPU
		Release|Any CPU = Release|Any CPU
	EndGlobalSection
	GlobalSection(ProjectConfigurationPlatforms) = postSolution
		{A130816E-124F-4FE8-8D45-5AF61AE3D903}.Debug|Any CPU.ActiveCfg = Debug|Any CPU
		{A130816E-124F-4FE8-8D45-5AF61AE3D903}.Debug|Any CPU.Build.0 = Debug|Any CPU
		{A130816E-124F-4FE8-8D45-5AF61AE3D903}.Release|Any CPU.ActiveCfg = Release|Any CPU
		{A130816E-124F-4FE8-8D45-5AF61AE3D903}.Release|Any CPU.Build.0 = Release|Any CPU
	EndGlobalSection
	GlobalSection(SolutionProperties) = preSolution
		HideSolutionNode = FALSE
	EndGlobalSection
	GlobalSection(ExtensibilityGlobals) = postSolution
		SolutionGuid = {0CFC50D3-C3D8-44D0-B8D6-6B71E6D4B670}
	EndGlobalSection
EndGlobal
